{
  "lockfile_version": "1",
  "packages": {
    "nim@2.0.4": {
      "last_modified": "2024-06-12T20:55:33Z",
      "resolved": "github:NixOS/nixpkgs/a9858885e197f984d92d7fe64e9fff6b2e488d40#nim",
      "source": "devbox-search",
      "version": "2.0.4",
      "systems": {
        "aarch64-darwin": {
          "outputs": [
            {
              "name": "out",
              "path": "/nix/store/hxdk4s1jb97w7m0jpq9n0c6d3qf5fx12-aarch64-apple-darwin-nim-wrapper-2.0.4",
              "default": true
            }
          ],
          "store_path": "/nix/store/hxdk4s1jb97w7m0jpq9n0c6d3qf5fx12-aarch64-apple-darwin-nim-wrapper-2.0.4"
        },
        "aarch64-linux": {
          "outputs": [
            {
              "name": "out",
              "path": "/nix/store/8pzvpyl643dwwfaxskmjvwx4c35fbl2g-aarch64-unknown-linux-gnu-nim-wrapper-2.0.4",
              "default": true
            }
          ],
          "store_path": "/nix/store/8pzvpyl643dwwfaxskmjvwx4c35fbl2g-aarch64-unknown-linux-gnu-nim-wrapper-2.0.4"
        },
        "x86_64-darwin": {
          "outputs": [
            {
              "name": "out",
              "path": "/nix/store/x7v74jx9rv52scnyxiimh72fw8cyd6jm-x86_64-apple-darwin-nim-wrapper-2.0.4",
              "default": true
            }
          ],
          "store_path": "/nix/store/x7v74jx9rv52scnyxiimh72fw8cyd6jm-x86_64-apple-darwin-nim-wrapper-2.0.4"
        },
        "x86_64-linux": {
          "outputs": [
            {
              "name": "out",
              "path": "/nix/store/7c332ssdp9zvgrybb62k21i4ir9hsz5p-x86_64-unknown-linux-gnu-nim-wrapper-2.0.4",
              "default": true
            }
          ],
          "store_path": "/nix/store/7c332ssdp9zvgrybb62k21i4ir9hsz5p-x86_64-unknown-linux-gnu-nim-wrapper-2.0.4"
        }
      }
    },
    "nimble@0.14.2": {
      "last_modified": "2024-05-22T06:18:38Z",
      "resolved": "github:NixOS/nixpkgs/3f316d2a50699a78afe5e77ca486ad553169061e#nimble",
      "source": "devbox-search",
      "version": "0.14.2",
      "systems": {
        "aarch64-darwin": {
          "outputs": [
            {
              "name": "out",
              "path": "/nix/store/9i709ipp53hx64fpl7zsyba5mbnj1ph7-nimble-0.14.2",
              "default": true
            }
          ],
          "store_path": "/nix/store/9i709ipp53hx64fpl7zsyba5mbnj1ph7-nimble-0.14.2"
        },
        "aarch64-linux": {
          "outputs": [
            {
              "name": "out",
              "path": "/nix/store/5z73n6rqi605n1vjkynx8i5bklc72s2j-nimble-0.14.2",
              "default": true
            }
          ],
          "store_path": "/nix/store/5z73n6rqi605n1vjkynx8i5bklc72s2j-nimble-0.14.2"
        },
        "x86_64-darwin": {
          "outputs": [
            {
              "name": "out",
              "path": "/nix/store/qx45hm8vyh9if4mh7pcm8n64q22rz094-nimble-0.14.2",
              "default": true
            }
          ],
          "store_path": "/nix/store/qx45hm8vyh9if4mh7pcm8n64q22rz094-nimble-0.14.2"
        },
        "x86_64-linux": {
          "outputs": [
            {
              "name": "out",
              "path": "/nix/store/q5i99p78fhyb2dyw1virds9jjd2f4qh6-nimble-0.14.2",
              "default": true
            }
          ],
          "store_path": "/nix/store/q5i99p78fhyb2dyw1virds9jjd2f4qh6-nimble-0.14.2"
        }
      }
    }
  }
}
